
Microsoft Visual Studio Solution File, Format Version 12.00
# Visual Studio Version 16
VisualStudioVersion = 16.0.31911.196
MinimumVisualStudioVersion = 10.0.40219.1
Project("{FAE04EC0-301F-11D3-BF4B-00C04F79EFBC}") = "Laboratorio7", "Laboratorio7\Laboratorio7.csproj", "{8A021677-8F83-48DB-942D-CB7D10BD2070}"
EndProject
Global
	GlobalSection(SolutionConfigurationPlatforms) = preSolution
		Debug|Any CPU = Debug|Any CPU
		Release|Any CPU = Release|Any CPU
	EndGlobalSection
	GlobalSection(ProjectConfigurationPlatforms) = postSolution
		{8A021677-8F83-48DB-942D-CB7D10BD2070}.Debug|Any CPU.ActiveCfg = Debug|Any CPU
		{8A021677-8F83-48DB-942D-CB7D10BD2070}.Debug|Any CPU.Build.0 = Debug|Any CPU
		{8A021677-8F83-48DB-942D-CB7D10BD2070}.Release|Any CPU.ActiveCfg = Release|Any CPU
		{8A021677-8F83-48DB-942D-CB7D10BD2070}.Release|Any CPU.Build.0 = Release|Any CPU
	EndGlobalSection
	GlobalSection(SolutionProperties) = preSolution
		HideSolutionNode = FALSE
	EndGlobalSection
	GlobalSection(ExtensibilityGlobals) = postSolution
		SolutionGuid = {C831D4D8-2697-4FB0-991A-216AAF9033B5}
	EndGlobalSection
EndGlobal
